// !$*UTF8*$!
{
	archiveVersion = 1;
	classes = {
	};
	objectVersion = 77;
	objects = {

/* Begin PBXBuildFile section */
		1C11FDCE7D66B10213A13A6B /* Pods_browseCaster_browseCasterUITests.framework in Frameworks */ = {isa = PBXBuildFile; fileRef = C3AB9F41E6A8370A06DBA918 /* Pods_browseCaster_browseCasterUITests.framework */; };
		4232A0A97C5DF09BFE50CA89 /* Pods_browseCasterTests.framework in Frameworks */ = {isa = PBXBuildFile; fileRef = D4FAAD861BFD83909C1301B3 /* Pods_browseCasterTests.framework */; };
		ECEBE6800AED897502E0F49A /* Pods_browseCaster.framework in Frameworks */ = {isa = PBXBuildFile; fileRef = 48917137BB520EAA31156FAE /* Pods_browseCaster.framework */; };
/* End PBXBuildFile section */

/* Begin PBXContainerItemProxy section */
		F49EF6072F0CCC7100B6DD84 /* PBXContainerItemProxy */ = {
			isa = PBXContainerItemProxy;
			containerPortal = F49EF5EE2F0CCC6E00B6DD84 /* Project object */;
			proxyType = 1;
			remoteGlobalIDString = F49EF5F52F0CCC6F00B6DD84;
			remoteInfo = browseCaster;
		};
		F49EF6112F0CCC7100B6DD84 /* PBXContainerItemProxy */ = {
			isa = PBXContainerItemProxy;
			containerPortal = F49EF5EE2F0CCC6E00B6DD84 /* Project object */;
			proxyType = 1;
			remoteGlobalIDString = F49EF5F52F0CCC6F00B6DD84;
			remoteInfo = browseCaster;
		};
/* End PBXContainerItemProxy section */

/* Begin PBXFileReference section */
		0F89BEC411E295234BFEF3B9 /* Pods-browseCaster-browseCasterUITests.debug.xcconfig */ = {isa = PBXFileReference; includeInIndex = 1; lastKnownFileType = text.xcconfig; name = "Pods-browseCaster-browseCasterUITests.debug.xcconfig"; path = "Target Support Files/Pods-browseCaster-browseCasterUITests/Pods-browseCaster-browseCasterUITests.debug.xcconfig"; sourceTree = "<group>"; };
		3AB6A596DC7C4874D7D9AFDE /* Pods-browseCasterTests.release.xcconfig */ = {isa = PBXFileReference; includeInIndex = 1; lastKnownFileType = text.xcconfig; name = "Pods-browseCasterTests.release.xcconfig"; path = "Target Support Files/Pods-browseCasterTests/Pods-browseCasterTests.release.xcconfig"; sourceTree = "<group>"; };
		48917137BB520EAA31156FAE /* Pods_browseCaster.framework */ = {isa = PBXFileReference; explicitFileType = wrapper.framework; includeInIndex = 0; path = Pods_browseCaster.framework; sourceTree = BUILT_PRODUCTS_DIR; };
		540CBEC88BDF50EBC68F350B /* Pods-browseCaster-browseCasterUITests.release.xcconfig */ = {isa = PBXFileReference; includeInIndex = 1; lastKnownFileType = text.xcconfig; name = "Pods-browseCaster-browseCasterUITests.release.xcconfig"; path = "Target Support Files/Pods-browseCaster-browseCasterUITests/Pods-browseCaster-browseCasterUITests.release.xcconfig"; sourceTree = "<group>"; };
		6D9AB646A7AA195900AB9ADB /* Pods-browseCasterTests.debug.xcconfig */ = {isa = PBXFileReference; includeInIndex = 1; lastKnownFileType = text.xcconfig; name = "Pods-browseCasterTests.debug.xcconfig"; path = "Target Support Files/Pods-browseCasterTests/Pods-browseCasterTests.debug.xcconfig"; sourceTree = "<group>"; };
		C191DD6A846FCAA44BCA6942 /* Pods-browseCaster.debug.xcconfig */ = {isa = PBXFileReference; includeInIndex = 1; lastKnownFileType = text.xcconfig; name = "Pods-browseCaster.debug.xcconfig"; path = "Target Support Files/Pods-browseCaster/Pods-browseCaster.debug.xcconfig"; sourceTree = "<group>"; };
		C3AB9F41E6A8370A06DBA918 /* Pods_browseCaster_browseCasterUITests.framework */ = {isa = PBXFileReference; explicitFileType = wrapper.framework; includeInIndex = 0; path = Pods_browseCaster_browseCasterUITests.framework; sourceTree = BUILT_PRODUCTS_DIR; };
		D4FAAD861BFD83909C1301B3 /* Pods_browseCasterTests.framework */ = {isa = PBXFileReference; explicitFileType = wrapper.framework; includeInIndex = 0; path = Pods_browseCasterTests.framework; sourceTree = BUILT_PRODUCTS_DIR; };
		DA4207874373CF2484ECEF36 /* Pods-browseCaster.release.xcconfig */ = {isa = PBXFileReference; includeInIndex = 1; lastKnownFileType = text.xcconfig; name = "Pods-browseCaster.release.xcconfig"; path = "Target Support Files/Pods-browseCaster/Pods-browseCaster.release.xcconfig"; sourceTree = "<group>"; };
		F49EF5F62F0CCC6F00B6DD84 /* browseCaster.app */ = {isa = PBXFileReference; explicitFileType = wrapper.application; includeInIndex = 0; path = browseCaster.app; sourceTree = BUILT_PRODUCTS_DIR; };
		F49EF6062F0CCC7100B6DD84 /* browseCasterTests.xctest */ = {isa = PBXFileReference; explicitFileType = wrapper.cfbundle; includeInIndex = 0; path = browseCasterTests.xctest; sourceTree = BUILT_PRODUCTS_DIR; };
		F49EF6102F0CCC7100B6DD84 /* browseCasterUITests.xctest */ = {isa = PBXFileReference; explicitFileType = wrapper.cfbundle; includeInIndex = 0; path = browseCasterUITests.xctest; sourceTree = BUILT_PRODUCTS_DIR; };
/* End PBXFileReference section */

/* Begin PBXFileSystemSynchronizedBuildFileExceptionSet section */
		F4D04F682F0DB1B00066ED57 /* Exceptions for "browseCaster" folder in "browseCaster" target */ = {
			isa = PBXFileSystemSynchronizedBuildFileExceptionSet;
			membershipExceptions = (
				Info.plist,
			);
			target = F49EF5F52F0CCC6F00B6DD84 /* browseCaster */;
		};
/* End PBXFileSystemSynchronizedBuildFileExceptionSet section */

/* Begin PBXFileSystemSynchronizedRootGroup section */
		F49EF5F82F0CCC6F00B6DD84 /* browseCaster */ = {
			isa = PBXFileSystemSynchronizedRootGroup;
			exceptions = (
				F4D04F682F0DB1B00066ED57 /* Exceptions for "browseCaster" folder in "browseCaster" target */,
			);
			path = browseCaster;
			sourceTree = "<group>";
		};
		F49EF6092F0CCC7100B6DD84 /* browseCasterTests */ = {
			isa = PBXFileSystemSynchronizedRootGroup;
			path = browseCasterTests;
			sourceTree = "<group>";
		};
		F49EF6132F0CCC7100B6DD84 /* browseCasterUITests */ = {
			isa = PBXFileSystemSynchronizedRootGroup;
			path = browseCasterUITests;
			sourceTree = "<group>";
		};
/* End PBXFileSystemSynchronizedRootGroup section */

/* Begin PBXFrameworksBuildPhase section */
		F49EF5F32F0CCC6F00B6DD84 /* Frameworks */ = {
			isa = PBXFrameworksBuildPhase;
			buildActionMask = 2147483647;
			files = (
				ECEBE6800AED897502E0F49A /* Pods_browseCaster.framework in Frameworks */,
			);
			runOnlyForDeploymentPostprocessing = 0;
		};
		F49EF6032F0CCC7100B6DD84 /* Frameworks */ = {
			isa = PBXFrameworksBuildPhase;
			buildActionMask = 2147483647;
			files = (
				4232A0A97C5DF09BFE50CA89 /* Pods_browseCasterTests.framework in Frameworks */,
			);
			runOnlyForDeploymentPostprocessing = 0;
		};
		F49EF60D2F0CCC7100B6DD84 /* Frameworks */ = {
			isa = PBXFrameworksBuildPhase;
			buildActionMask = 2147483647;
			files = (
				1C11FDCE7D66B10213A13A6B /* Pods_browseCaster_browseCasterUITests.framework in Frameworks */,
			);
			runOnlyForDeploymentPostprocessing = 0;
		};
/* End PBXFrameworksBuildPhase section */

/* Begin PBXGroup section */
		0A8B50C7CC01D4A68E843DE3 /* Frameworks */ = {
			isa = PBXGroup;
			children = (
				48917137BB520EAA31156FAE /* Pods_browseCaster.framework */,
				C3AB9F41E6A8370A06DBA918 /* Pods_browseCaster_browseCasterUITests.framework */,
				D4FAAD861BFD83909C1301B3 /* Pods_browseCasterTests.framework */,
			);
			name = Frameworks;
			sourceTree = "<group>";
		};
		C02CF10DB09AB795413C72FD /* Pods */ = {
			isa = PBXGroup;
			children = (
				C191DD6A846FCAA44BCA6942 /* Pods-browseCaster.debug.xcconfig */,
				DA4207874373CF2484ECEF36 /* Pods-browseCaster.release.xcconfig */,
				0F89BEC411E295234BFEF3B9 /* Pods-browseCaster-browseCasterUITests.debug.xcconfig */,
				540CBEC88BDF50EBC68F350B /* Pods-browseCaster-browseCasterUITests.release.xcconfig */,
				6D9AB646A7AA195900AB9ADB /* Pods-browseCasterTests.debug.xcconfig */,
				3AB6A596DC7C4874D7D9AFDE /* Pods-browseCasterTests.release.xcconfig */,
			);
			path = Pods;
			sourceTree = "<group>";
		};
		F49EF5ED2F0CCC6E00B6DD84 = {
			isa = PBXGroup;
			children = (
				F49EF5F82F0CCC6F00B6DD84 /* browseCaster */,
				F49EF6092F0CCC7100B6DD84 /* browseCasterTests */,
				F49EF6132F0CCC7100B6DD84 /* browseCasterUITests */,
				F49EF5F72F0CCC6F00B6DD84 /* Products */,
				C02CF10DB09AB795413C72FD /* Pods */,
				0A8B50C7CC01D4A68E843DE3 /* Frameworks */,
			);
			sourceTree = "<group>";
		};
		F49EF5F72F0CCC6F00B6DD84 /* Products */ = {
			isa = PBXGroup;
			children = (
				F49EF5F62F0CCC6F00B6DD84 /* browseCaster.app */,
				F49EF6062F0CCC7100B6DD84 /* browseCasterTests.xctest */,
				F49EF6102F0CCC7100B6DD84 /* browseCasterUITests.xctest */,
			);
			name = Products;
			sourceTree = "<group>";
		};
/* End PBXGroup section */

/* Begin PBXNativeTarget section */
		F49EF5F52F0CCC6F00B6DD84 /* browseCaster */ = {
			isa = PBXNativeTarget;
			buildConfigurationList = F49EF61A2F0CCC7100B6DD84 /* Build configuration list for PBXNativeTarget "browseCaster" */;
			buildPhases = (
				156DD5847500AE536C4C04AC /* [CP] Check Pods Manifest.lock */,
				F49EF5F22F0CCC6F00B6DD84 /* Sources */,
				F49EF5F32F0CCC6F00B6DD84 /* Frameworks */,
				F49EF5F42F0CCC6F00B6DD84 /* Resources */,
				F4BC1CEBC1C0CE834C80D945 /* [CP] Copy Pods Resources */,
			);
			buildRules = (
			);
			dependencies = (
			);
			fileSystemSynchronizedGroups = (
				F49EF5F82F0CCC6F00B6DD84 /* browseCaster */,
			);
			name = browseCaster;
			productName = browseCaster;
			productReference = F49EF5F62F0CCC6F00B6DD84 /* browseCaster.app */;
			productType = "com.apple.product-type.application";
		};
		F49EF6052F0CCC7100B6DD84 /* browseCasterTests */ = {
			isa = PBXNativeTarget;
			buildConfigurationList = F49EF61D2F0CCC7100B6DD84 /* Build configuration list for PBXNativeTarget "browseCasterTests" */;
			buildPhases = (
				2853D0D6FE4C342530961E9D /* [CP] Check Pods Manifest.lock */,
				F49EF6022F0CCC7100B6DD84 /* Sources */,
				F49EF6032F0CCC7100B6DD84 /* Frameworks */,
				F49EF6042F0CCC7100B6DD84 /* Resources */,
			);
			buildRules = (
			);
			dependencies = (
				F49EF6082F0CCC7100B6DD84 /* PBXTargetDependency */,
			);
			fileSystemSynchronizedGroups = (
				F49EF6092F0CCC7100B6DD84 /* browseCasterTests */,
			);
			name = browseCasterTests;
			productName = browseCasterTests;
			productReference = F49EF6062F0CCC7100B6DD84 /* browseCasterTests.xctest */;
			productType = "com.apple.product-type.bundle.unit-test";
		};
		F49EF60F2F0CCC7100B6DD84 /* browseCasterUITests */ = {
			isa = PBXNativeTarget;
			buildConfigurationList = F49EF6202F0CCC7100B6DD84 /* Build configuration list for PBXNativeTarget "browseCasterUITests" */;
			buildPhases = (
				6CBD0D88E9ED1FDB6CA981EA /* [CP] Check Pods Manifest.lock */,
				F49EF60C2F0CCC7100B6DD84 /* Sources */,
				F49EF60D2F0CCC7100B6DD84 /* Frameworks */,
				F49EF60E2F0CCC7100B6DD84 /* Resources */,
				CA7EEAA57F78C78E140E2C37 /* [CP] Copy Pods Resources */,
			);
			buildRules = (
			);
			dependencies = (
				F49EF6122F0CCC7100B6DD84 /* PBXTargetDependency */,
			);
			fileSystemSynchronizedGroups = (
				F49EF6132F0CCC7100B6DD84 /* browseCasterUITests */,
			);
			name = browseCasterUITests;
			productName = browseCasterUITests;
			productReference = F49EF6102F0CCC7100B6DD84 /* browseCasterUITests.xctest */;
			productType = "com.apple.product-type.bundle.ui-testing";
		};
/* End PBXNativeTarget section */

/* Begin PBXProject section */
		F49EF5EE2F0CCC6E00B6DD84 /* Project object */ = {
			isa = PBXProject;
			attributes = {
				BuildIndependentTargetsInParallel = 1;
				LastSwiftUpdateCheck = 1620;
				LastUpgradeCheck = 1620;
				TargetAttributes = {
					F49EF5F52F0CCC6F00B6DD84 = {
						CreatedOnToolsVersion = 16.2;
					};
					F49EF6052F0CCC7100B6DD84 = {
						CreatedOnToolsVersion = 16.2;
						TestTargetID = F49EF5F52F0CCC6F00B6DD84;
					};
					F49EF60F2F0CCC7100B6DD84 = {
						CreatedOnToolsVersion = 16.2;
						TestTargetID = F49EF5F52F0CCC6F00B6DD84;
					};
				};
			};
			buildConfigurationList = F49EF5F12F0CCC6E00B6DD84 /* Build configuration list for PBXProject "browseCaster" */;
			developmentRegion = en;
			hasScannedForEncodings = 0;
			knownRegions = (
				en,
				Base,
			);
			mainGroup = F49EF5ED2F0CCC6E00B6DD84;
			minimizedProjectReferenceProxies = 1;
			preferredProjectObjectVersion = 77;
			productRefGroup = F49EF5F72F0CCC6F00B6DD84 /* Products */;
			projectDirPath = "";
			projectRoot = "";
			targets = (
				F49EF5F52F0CCC6F00B6DD84 /* browseCaster */,
				F49EF6052F0CCC7100B6DD84 /* browseCasterTests */,
				F49EF60F2F0CCC7100B6DD84 /* browseCasterUITests */,
			);
		};
/* End PBXProject section */

/* Begin PBXResourcesBuildPhase section */
		F49EF5F42F0CCC6F00B6DD84 /* Resources */ = {
			isa = PBXResourcesBuildPhase;
			buildActionMask = 2147483647;
			files = (
			);
			runOnlyForDeploymentPostprocessing = 0;
		};
		F49EF6042F0CCC7100B6DD84 /* Resources */ = {
			isa = PBXResourcesBuildPhase;
			buildActionMask = 2147483647;
			files = (
			);
			runOnlyForDeploymentPostprocessing = 0;
		};
		F49EF60E2F0CCC7100B6DD84 /* Resources */ = {
			isa = PBXResourcesBuildPhase;
			buildActionMask = 2147483647;
			files = (
			);
			runOnlyForDeploymentPostprocessing = 0;
		};
/* End PBXResourcesBuildPhase section */

/* Begin PBXShellScriptBuildPhase section */
		156DD5847500AE536C4C04AC /* [CP] Check Pods Manifest.lock */ = {
			isa = PBXShellScriptBuildPhase;
			buildActionMask = 2147483647;
			files = (
			);
			inputFileListPaths = (
			);
			inputPaths = (
				"${PODS_PODFILE_DIR_PATH}/Podfile.lock",
				"${PODS_ROOT}/Manifest.lock",
			);
			name = "[CP] Check Pods Manifest.lock";
			outputFileListPaths = (
			);
			outputPaths = (
				"$(DERIVED_FILE_DIR)/Pods-browseCaster-checkManifestLockResult.txt",
			);
			runOnlyForDeploymentPostprocessing = 0;
			shellPath = /bin/sh;
			shellScript = "diff \"${PODS_PODFILE_DIR_PATH}/Podfile.lock\" \"${PODS_ROOT}/Manifest.lock\" > /dev/null\nif [ $? != 0 ] ; then\n    # print error to STDERR\n    echo \"error: The sandbox is not in sync with the Podfile.lock. Run 'pod install' or update your CocoaPods installation.\" >&2\n    exit 1\nfi\n# This output is used by Xcode 'outputs' to avoid re-running this script phase.\necho \"SUCCESS\" > \"${SCRIPT_OUTPUT_FILE_0}\"\n";
			showEnvVarsInLog = 0;
		};
		2853D0D6FE4C342530961E9D /* [CP] Check Pods Manifest.lock */ = {
			isa = PBXShellScriptBuildPhase;
			buildActionMask = 2147483647;
			files = (
			);
			inputFileListPaths = (
			);
			inputPaths = (
				"${PODS_PODFILE_DIR_PATH}/Podfile.lock",
				"${PODS_ROOT}/Manifest.lock",
			);
			name = "[CP] Check Pods Manifest.lock";
			outputFileListPaths = (
			);
			outputPaths = (
				"$(DERIVED_FILE_DIR)/Pods-browseCasterTests-checkManifestLockResult.txt",
			);
			runOnlyForDeploymentPostprocessing = 0;
			shellPath = /bin/sh;
			shellScript = "diff \"${PODS_PODFILE_DIR_PATH}/Podfile.lock\" \"${PODS_ROOT}/Manifest.lock\" > /dev/null\nif [ $? != 0 ] ; then\n    # print error to STDERR\n    echo \"error: The sandbox is not in sync with the Podfile.lock. Run 'pod install' or update your CocoaPods installation.\" >&2\n    exit 1\nfi\n# This output is used by Xcode 'outputs' to avoid re-running this script phase.\necho \"SUCCESS\" > \"${SCRIPT_OUTPUT_FILE_0}\"\n";
			showEnvVarsInLog = 0;
		};
		6CBD0D88E9ED1FDB6CA981EA /* [CP] Check Pods Manifest.lock */ = {
			isa = PBXShellScriptBuildPhase;
			buildActionMask = 2147483647;
			files = (
			);
			inputFileListPaths = (
			);
			inputPaths = (
				"${PODS_PODFILE_DIR_PATH}/Podfile.lock",
				"${PODS_ROOT}/Manifest.lock",
			);
			name = "[CP] Check Pods Manifest.lock";
			outputFileListPaths = (
			);
			outputPaths = (
				"$(DERIVED_FILE_DIR)/Pods-browseCaster-browseCasterUITests-checkManifestLockResult.txt",
			);
			runOnlyForDeploymentPostprocessing = 0;
			shellPath = /bin/sh;
			shellScript = "diff \"${PODS_PODFILE_DIR_PATH}/Podfile.lock\" \"${PODS_ROOT}/Manifest.lock\" > /dev/null\nif [ $? != 0 ] ; then\n    # print error to STDERR\n    echo \"error: The sandbox is not in sync with the Podfile.lock. Run 'pod install' or update your CocoaPods installation.\" >&2\n    exit 1\nfi\n# This output is used by Xcode 'outputs' to avoid re-running this script phase.\necho \"SUCCESS\" > \"${SCRIPT_OUTPUT_FILE_0}\"\n";
			showEnvVarsInLog = 0;
		};
		CA7EEAA57F78C78E140E2C37 /* [CP] Copy Pods Resources */ = {
			isa = PBXShellScriptBuildPhase;
			buildActionMask = 2147483647;
			files = (
			);
			inputFileListPaths = (
				"${PODS_ROOT}/Target Support Files/Pods-browseCaster-browseCasterUITests/Pods-browseCaster-browseCasterUITests-resources-${CONFIGURATION}-input-files.xcfilelist",
			);
			name = "[CP] Copy Pods Resources";
			outputFileListPaths = (
				"${PODS_ROOT}/Target Support Files/Pods-browseCaster-browseCasterUITests/Pods-browseCaster-browseCasterUITests-resources-${CONFIGURATION}-output-files.xcfilelist",
			);
			runOnlyForDeploymentPostprocessing = 0;
			shellPath = /bin/sh;
			shellScript = "\"${PODS_ROOT}/Target Support Files/Pods-browseCaster-browseCasterUITests/Pods-browseCaster-browseCasterUITests-resources.sh\"\n";
			showEnvVarsInLog = 0;
		};
		F4BC1CEBC1C0CE834C80D945 /* [CP] Copy Pods Resources */ = {
			isa = PBXShellScriptBuildPhase;
			buildActionMask = 2147483647;
			files = (
			);
			inputFileListPaths = (
				"${PODS_ROOT}/Target Support Files/Pods-browseCaster/Pods-browseCaster-resources-${CONFIGURATION}-input-files.xcfilelist",
			);
			name = "[CP] Copy Pods Resources";
			outputFileListPaths = (
				"${PODS_ROOT}/Target Support Files/Pods-browseCaster/Pods-browseCaster-resources-${CONFIGURATION}-output-files.xcfilelist",
			);
			runOnlyForDeploymentPostprocessing = 0;
			shellPath = /bin/sh;
			shellScript = "\"${PODS_ROOT}/Target Support Files/Pods-browseCaster/Pods-browseCaster-resources.sh\"\n";
			showEnvVarsInLog = 0;
		};
/* End PBXShellScriptBuildPhase section */

/* Begin PBXSourcesBuildPhase section */
		F49EF5F22F0CCC6F00B6DD84 /* Sources */ = {
			isa = PBXSourcesBuildPhase;
			buildActionMask = 2147483647;
			files = (
			);
			runOnlyForDeploymentPostprocessing = 0;
		};
		F49EF6022F0CCC7100B6DD84 /* Sources */ = {
			isa = PBXSourcesBuildPhase;
			buildActionMask = 2147483647;
			files = (
			);
			runOnlyForDeploymentPostprocessing = 0;
		};
		F49EF60C2F0CCC7100B6DD84 /* Sources */ = {
			isa = PBXSourcesBuildPhase;
			buildActionMask = 2147483647;
			files = (
			);
			runOnlyForDeploymentPostprocessing = 0;
		};
/* End PBXSourcesBuildPhase section */

/* Begin PBXTargetDependency section */
		F49EF6082F0CCC7100B6DD84 /* PBXTargetDependency */ = {
			isa = PBXTargetDependency;
			target = F49EF5F52F0CCC6F00B6DD84 /* browseCaster */;
			targetProxy = F49EF6072F0CCC7100B6DD84 /* PBXContainerItemProxy */;
		};
		F49EF6122F0CCC7100B6DD84 /* PBXTargetDependency */ = {
			isa = PBXTargetDependency;
			target = F49EF5F52F0CCC6F00B6DD84 /* browseCaster */;
			targetProxy = F49EF6112F0CCC7100B6DD84 /* PBXContainerItemProxy */;
		};
/* End PBXTargetDependency section */

/* Begin XCBuildConfiguration section */
		F49EF6182F0CCC7100B6DD84 /* Debug */ = {
			isa = XCBuildConfiguration;
			buildSettings = {
				ALWAYS_SEARCH_USER_PATHS = NO;
				ASSETCATALOG_COMPILER_GENERATE_SWIFT_ASSET_SYMBOL_EXTENSIONS = YES;
				CLANG_ANALYZER_NONNULL = YES;
				CLANG_ANALYZER_NUMBER_OBJECT_CONVERSION = YES_AGGRESSIVE;
				CLANG_CXX_LANGUAGE_STANDARD = "gnu++20";
				CLANG_ENABLE_MODULES = YES;
				CLANG_ENABLE_OBJC_ARC = YES;
				CLANG_ENABLE_OBJC_WEAK = YES;
				CLANG_WARN_BLOCK_CAPTURE_AUTORELEASING = YES;
				CLANG_WARN_BOOL_CONVERSION = YES;
				CLANG_WARN_COMMA = YES;
				CLANG_WARN_CONSTANT_CONVERSION = YES;
				CLANG_WARN_DEPRECATED_OBJC_IMPLEMENTATIONS = YES;
				CLANG_WARN_DIRECT_OBJC_ISA_USAGE = YES_ERROR;
				CLANG_WARN_DOCUMENTATION_COMMENTS = YES;
				CLANG_WARN_EMPTY_BODY = YES;
				CLANG_WARN_ENUM_CONVERSION = YES;
				CLANG_WARN_INFINITE_RECURSION = YES;
				CLANG_WARN_INT_CONVERSION = YES;
				CLANG_WARN_NON_LITERAL_NULL_CONVERSION = YES;
				CLANG_WARN_OBJC_IMPLICIT_RETAIN_SELF = YES;
				CLANG_WARN_OBJC_LITERAL_CONVERSION = YES;
				CLANG_WARN_OBJC_ROOT_CLASS = YES_ERROR;
				CLANG_WARN_QUOTED_INCLUDE_IN_FRAMEWORK_HEADER = YES;
				CLANG_WARN_RANGE_LOOP_ANALYSIS = YES;
				CLANG_WARN_STRICT_PROTOTYPES = YES;
				CLANG_WARN_SUSPICIOUS_MOVE = YES;
				CLANG_WARN_UNGUARDED_AVAILABILITY = YES_AGGRESSIVE;
				CLANG_WARN_UNREACHABLE_CODE = YES;
				CLANG_WARN__DUPLICATE_METHOD_MATCH = YES;
				COPY_PHASE_STRIP = NO;
				DEBUG_INFORMATION_FORMAT = dwarf;
				ENABLE_STRICT_OBJC_MSGSEND = YES;
				ENABLE_TESTABILITY = YES;
				ENABLE_USER_SCRIPT_SANDBOXING = YES;
				GCC_C_LANGUAGE_STANDARD = gnu17;
				GCC_DYNAMIC_NO_PIC = NO;
				GCC_NO_COMMON_BLOCKS = YES;
				GCC_OPTIMIZATION_LEVEL = 0;
				GCC_PREPROCESSOR_DEFINITIONS = (
					"DEBUG=1",
					"$(inherited)",
				);
				GCC_WARN_64_TO_32_BIT_CONVERSION = YES;
				GCC_WARN_ABOUT_RETURN_TYPE = YES_ERROR;
				GCC_WARN_UNDECLARED_SELECTOR = YES;
				GCC_WARN_UNINITIALIZED_AUTOS = YES_AGGRESSIVE;
				GCC_WARN_UNUSED_FUNCTION = YES;
				GCC_WARN_UNUSED_VARIABLE = YES;
				IPHONEOS_DEPLOYMENT_TARGET = 18.2;
				LOCALIZATION_PREFERS_STRING_CATALOGS = YES;
				MTL_ENABLE_DEBUG_INFO = INCLUDE_SOURCE;
				MTL_FAST_MATH = YES;
				ONLY_ACTIVE_ARCH = YES;
				SDKROOT = iphoneos;
				SWIFT_ACTIVE_COMPILATION_CONDITIONS = "DEBUG $(inherited)";
				SWIFT_OPTIMIZATION_LEVEL = "-Onone";
			};
			name = Debug;
		};
		F49EF6192F0CCC7100B6DD84 /* Release */ = {
			isa = XCBuildConfiguration;
			buildSettings = {
				ALWAYS_SEARCH_USER_PATHS = NO;
				ASSETCATALOG_COMPILER_GENERATE_SWIFT_ASSET_SYMBOL_EXTENSIONS = YES;
				CLANG_ANALYZER_NONNULL = YES;
				CLANG_ANALYZER_NUMBER_OBJECT_CONVERSION = YES_AGGRESSIVE;
				CLANG_CXX_LANGUAGE_STANDARD = "gnu++20";
				CLANG_ENABLE_MODULES = YES;
				CLANG_ENABLE_OBJC_ARC = YES;
				CLANG_ENABLE_OBJC_WEAK = YES;
				CLANG_WARN_BLOCK_CAPTURE_AUTORELEASING = YES;
				CLANG_WARN_BOOL_CONVERSION = YES;
				CLANG_WARN_COMMA = YES;
				CLANG_WARN_CONSTANT_CONVERSION = YES;
				CLANG_WARN_DEPRECATED_OBJC_IMPLEMENTATIONS = YES;
				CLANG_WARN_DIRECT_OBJC_ISA_USAGE = YES_ERROR;
				CLANG_WARN_DOCUMENTATION_COMMENTS = YES;
				CLANG_WARN_EMPTY_BODY = YES;
				CLANG_WARN_ENUM_CONVERSION = YES;
				CLANG_WARN_INFINITE_RECURSION = YES;
				CLANG_WARN_INT_CONVERSION = YES;
				CLANG_WARN_NON_LITERAL_NULL_CONVERSION = YES;
				CLANG_WARN_OBJC_IMPLICIT_RETAIN_SELF = YES;
				CLANG_WARN_OBJC_LITERAL_CONVERSION = YES;
				CLANG_WARN_OBJC_ROOT_CLASS = YES_ERROR;
				CLANG_WARN_QUOTED_INCLUDE_IN_FRAMEWORK_HEADER = YES;
				CLANG_WARN_RANGE_LOOP_ANALYSIS = YES;
				CLANG_WARN_STRICT_PROTOTYPES = YES;
				CLANG_WARN_SUSPICIOUS_MOVE = YES;
				CLANG_WARN_UNGUARDED_AVAILABILITY = YES_AGGRESSIVE;
				CLANG_WARN_UNREACHABLE_CODE = YES;
				CLANG_WARN__DUPLICATE_METHOD_MATCH = YES;
				COPY_PHASE_STRIP = NO;
				DEBUG_INFORMATION_FORMAT = "dwarf-with-dsym";
				ENABLE_NS_ASSERTIONS = NO;
				ENABLE_STRICT_OBJC_MSGSEND = YES;
				ENABLE_USER_SCRIPT_SANDBOXING = YES;
				GCC_C_LANGUAGE_STANDARD = gnu17;
				GCC_NO_COMMON_BLOCKS = YES;
				GCC_WARN_64_TO_32_BIT_CONVERSION = YES;
				GCC_WARN_ABOUT_RETURN_TYPE = YES_ERROR;
				GCC_WARN_UNDECLARED_SELECTOR = YES;
				GCC_WARN_UNINITIALIZED_AUTOS = YES_AGGRESSIVE;
				GCC_WARN_UNUSED_FUNCTION = YES;
				GCC_WARN_UNUSED_VARIABLE = YES;
				IPHONEOS_DEPLOYMENT_TARGET = 18.2;
				LOCALIZATION_PREFERS_STRING_CATALOGS = YES;
				MTL_ENABLE_DEBUG_INFO = NO;
				MTL_FAST_MATH = YES;
				SDKROOT = iphoneos;
				SWIFT_COMPILATION_MODE = wholemodule;
				VALIDATE_PRODUCT = YES;
			};
			name = Release;
		};
		F49EF61B2F0CCC7100B6DD84 /* Debug */ = {
			isa = XCBuildConfiguration;
			baseConfigurationReference = C191DD6A846FCAA44BCA6942 /* Pods-browseCaster.debug.xcconfig */;
			buildSettings = {
				ASSETCATALOG_COMPILER_APPICON_NAME = AppIcon;
				ASSETCATALOG_COMPILER_GLOBAL_ACCENT_COLOR_NAME = AccentColor;
				CODE_SIGN_STYLE = Automatic;
				CURRENT_PROJECT_VERSION = 1;
				DEVELOPMENT_ASSET_PATHS = "\"browseCaster/Preview Content\"";
				DEVELOPMENT_TEAM = FJULR6927Y;
				ENABLE_PREVIEWS = YES;
				ENABLE_USER_SCRIPT_SANDBOXING = NO;
				GENERATE_INFOPLIST_FILE = YES;
				INFOPLIST_FILE = browseCaster/Info.plist;
				INFOPLIST_KEY_LSApplicationCategoryType = "";
				INFOPLIST_KEY_NSLocalNetworkUsageDescription = "Discover and connect to Chromecast on your local network.";
				INFOPLIST_KEY_UIApplicationSceneManifest_Generation = YES;
				INFOPLIST_KEY_UIApplicationSupportsIndirectInputEvents = YES;
				INFOPLIST_KEY_UILaunchScreen_Generation = YES;
				INFOPLIST_KEY_UISupportedInterfaceOrientations_iPad = "UIInterfaceOrientationPortrait UIInterfaceOrientationPortraitUpsideDown UIInterfaceOrientationLandscapeLeft UIInterfaceOrientationLandscapeRight";
				INFOPLIST_KEY_UISupportedInterfaceOrientations_iPhone = "UIInterfaceOrientationPortrait UIInterfaceOrientationLandscapeLeft UIInterfaceOrientationLandscapeRight";
				LD_RUNPATH_SEARCH_PATHS = (
					"$(inherited)",
					"@executable_path/Frameworks",
				);
				MARKETING_VERSION = 1.0;
				PRODUCT_BUNDLE_IDENTIFIER = daniel.browseCaster;
				PRODUCT_NAME = "$(TARGET_NAME)";
				SWIFT_EMIT_LOC_STRINGS = YES;
				SWIFT_VERSION = 5.0;
				TARGETED_DEVICE_FAMILY = "1,2";
			};
			name = Debug;
		};
		F49EF61C2F0CCC7100B6DD84 /* Release */ = {
			isa = XCBuildConfiguration;
			baseConfigurationReference = DA4207874373CF2484ECEF36 /* Pods-browseCaster.release.xcconfig */;
			buildSettings = {
				ASSETCATALOG_COMPILER_APPICON_NAME = AppIcon;
				ASSETCATALOG_COMPILER_GLOBAL_ACCENT_COLOR_NAME = AccentColor;
				CODE_SIGN_STYLE = Automatic;
				CURRENT_PROJECT_VERSION = 1;
				DEVELOPMENT_ASSET_PATHS = "\"browseCaster/Preview Content\"";
				DEVELOPMENT_TEAM = FJULR6927Y;
				ENABLE_PREVIEWS = YES;
				ENABLE_USER_SCRIPT_SANDBOXING = NO;
				GENERATE_INFOPLIST_FILE = YES;
				INFOPLIST_FILE = browseCaster/Info.plist;
				INFOPLIST_KEY_LSApplicationCategoryType = "";
				INFOPLIST_KEY_NSLocalNetworkUsageDescription = "Discover and connect to Chromecast on your local network.";
				INFOPLIST_KEY_UIApplicationSceneManifest_Generation = YES;
				INFOPLIST_KEY_UIApplicationSupportsIndirectInputEvents = YES;
				INFOPLIST_KEY_UILaunchScreen_Generation = YES;
				INFOPLIST_KEY_UISupportedInterfaceOrientations_iPad = "UIInterfaceOrientationPortrait UIInterfaceOrientationPortraitUpsideDown UIInterfaceOrientationLandscapeLeft UIInterfaceOrientationLandscapeRight";
				INFOPLIST_KEY_UISupportedInterfaceOrientations_iPhone = "UIInterfaceOrientationPortrait UIInterfaceOrientationLandscapeLeft UIInterfaceOrientationLandscapeRight";
				LD_RUNPATH_SEARCH_PATHS = (
					"$(inherited)",
					"@executable_path/Frameworks",
				);
				MARKETING_VERSION = 1.0;
				PRODUCT_BUNDLE_IDENTIFIER = daniel.browseCaster;
				PRODUCT_NAME = "$(TARGET_NAME)";
				SWIFT_EMIT_LOC_STRINGS = YES;
				SWIFT_VERSION = 5.0;
				TARGETED_DEVICE_FAMILY = "1,2";
			};
			name = Release;
		};
		F49EF61E2F0CCC7100B6DD84 /* Debug */ = {
			isa = XCBuildConfiguration;
			baseConfigurationReference = 6D9AB646A7AA195900AB9ADB /* Pods-browseCasterTests.debug.xcconfig */;
			buildSettings = {
				BUNDLE_LOADER = "$(TEST_HOST)";
				CODE_SIGN_STYLE = Automatic;
				CURRENT_PROJECT_VERSION = 1;
				GENERATE_INFOPLIST_FILE = YES;
				IPHONEOS_DEPLOYMENT_TARGET = 18.2;
				MARKETING_VERSION = 1.0;
				PRODUCT_BUNDLE_IDENTIFIER = daniel.browseCasterTests;
				PRODUCT_NAME = "$(TARGET_NAME)";
				SWIFT_EMIT_LOC_STRINGS = NO;
				SWIFT_VERSION = 5.0;
				TARGETED_DEVICE_FAMILY = "1,2";
				TEST_HOST = "$(BUILT_PRODUCTS_DIR)/browseCaster.app/$(BUNDLE_EXECUTABLE_FOLDER_PATH)/browseCaster";
			};
			name = Debug;
		};
		F49EF61F2F0CCC7100B6DD84 /* Release */ = {
			isa = XCBuildConfiguration;
			baseConfigurationReference = 3AB6A596DC7C4874D7D9AFDE /* Pods-browseCasterTests.release.xcconfig */;
			buildSettings = {
				BUNDLE_LOADER = "$(TEST_HOST)";
				CODE_SIGN_STYLE = Automatic;
				CURRENT_PROJECT_VERSION = 1;
				GENERATE_INFOPLIST_FILE = YES;
				IPHONEOS_DEPLOYMENT_TARGET = 18.2;
				MARKETING_VERSION = 1.0;
				PRODUCT_BUNDLE_IDENTIFIER = daniel.browseCasterTests;
				PRODUCT_NAME = "$(TARGET_NAME)";
				SWIFT_EMIT_LOC_STRINGS = NO;
				SWIFT_VERSION = 5.0;
				TARGETED_DEVICE_FAMILY = "1,2";
				TEST_HOST = "$(BUILT_PRODUCTS_DIR)/browseCaster.app/$(BUNDLE_EXECUTABLE_FOLDER_PATH)/browseCaster";
			};
			name = Release;
		};
		F49EF6212F0CCC7100B6DD84 /* Debug */ = {
			isa = XCBuildConfiguration;
			baseConfigurationReference = 0F89BEC411E295234BFEF3B9 /* Pods-browseCaster-browseCasterUITests.debug.xcconfig */;
			buildSettings = {
				CODE_SIGN_STYLE = Automatic;
				CURRENT_PROJECT_VERSION = 1;
				GENERATE_INFOPLIST_FILE = YES;
				MARKETING_VERSION = 1.0;
				PRODUCT_BUNDLE_IDENTIFIER = daniel.browseCasterUITests;
				PRODUCT_NAME = "$(TARGET_NAME)";
				SWIFT_EMIT_LOC_STRINGS = NO;
				SWIFT_VERSION = 5.0;
				TARGETED_DEVICE_FAMILY = "1,2";
				TEST_TARGET_NAME = browseCaster;
			};
			name = Debug;
		};
		F49EF6222F0CCC7100B6DD84 /* Release */ = {
			isa = XCBuildConfiguration;
			baseConfigurationReference = 540CBEC88BDF50EBC68F350B /* Pods-browseCaster-browseCasterUITests.release.xcconfig */;
			buildSettings = {
				CODE_SIGN_STYLE = Automatic;
				CURRENT_PROJECT_VERSION = 1;
				GENERATE_INFOPLIST_FILE = YES;
				MARKETING_VERSION = 1.0;
				PRODUCT_BUNDLE_IDENTIFIER = daniel.browseCasterUITests;
				PRODUCT_NAME = "$(TARGET_NAME)";
				SWIFT_EMIT_LOC_STRINGS = NO;
				SWIFT_VERSION = 5.0;
				TARGETED_DEVICE_FAMILY = "1,2";
				TEST_TARGET_NAME = browseCaster;
			};
			name = Release;
		};
/* End XCBuildConfiguration section */

/* Begin XCConfigurationList section */
		F49EF5F12F0CCC6E00B6DD84 /* Build configuration list for PBXProject "browseCaster" */ = {
			isa = XCConfigurationList;
			buildConfigurations = (
				F49EF6182F0CCC7100B6DD84 /* Debug */,
				F49EF6192F0CCC7100B6DD84 /* Release */,
			);
			defaultConfigurationIsVisible = 0;
			defaultConfigurationName = Release;
		};
		F49EF61A2F0CCC7100B6DD84 /* Build configuration list for PBXNativeTarget "browseCaster" */ = {
			isa = XCConfigurationList;
			buildConfigurations = (
				F49EF61B2F0CCC7100B6DD84 /* Debug */,
				F49EF61C2F0CCC7100B6DD84 /* Release */,
			);
			defaultConfigurationIsVisible = 0;
			defaultConfigurationName = Release;
		};
		F49EF61D2F0CCC7100B6DD84 /* Build configuration list for PBXNativeTarget "browseCasterTests" */ = {
			isa = XCConfigurationList;
			buildConfigurations = (
				F49EF61E2F0CCC7100B6DD84 /* Debug */,
				F49EF61F2F0CCC7100B6DD84 /* Release */,
			);
			defaultConfigurationIsVisible = 0;
			defaultConfigurationName = Release;
		};
		F49EF6202F0CCC7100B6DD84 /* Build configuration list for PBXNativeTarget "browseCasterUITests" */ = {
			isa = XCConfigurationList;
			buildConfigurations = (
				F49EF6212F0CCC7100B6DD84 /* Debug */,
				F49EF6222F0CCC7100B6DD84 /* Release */,
			);
			defaultConfigurationIsVisible = 0;
			defaultConfigurationName = Release;
		};
/* End XCConfigurationList section */
	};
	rootObject = F49EF5EE2F0CCC6E00B6DD84 /* Project object */;
}
